Microsoft Visual Studio Solution File, Format Version 12.00
# Visual Studio Version 17
VisualStudioVersion = 17.5.2.0
MinimumVisualStudioVersion = 10.0.40219.1
Project("{FAE04EC0-301F-11D3-BF4B-00C04F79EFBC}") = "ScepAdmin", "ScepAdmin\ScepAdmin.csproj", "{046CFA64-392C-B188-3B9B-4CC94553512C}"
EndProject
Global
	GlobalSection(SolutionConfigurationPlatforms) = preSolution
		Debug|Any CPU = Debug|Any CPU
		Release|Any CPU = Release|Any CPU
	EndGlobalSection
	GlobalSection(ProjectConfigurationPlatforms) = postSolution
		{046CFA64-392C-B188-3B9B-4CC94553512C}.Debug|Any CPU.ActiveCfg = Debug|Any CPU
		{046CFA64-392C-B188-3B9B-4CC94553512C}.Debug|Any CPU.Build.0 = Debug|Any CPU
		{046CFA64-392C-B188-3B9B-4CC94553512C}.Release|Any CPU.ActiveCfg = Release|Any CPU
		{046CFA64-392C-B188-3B9B-4CC94553512C}.Release|Any CPU.Build.0 = Release|Any CPU
	EndGlobalSection
	GlobalSection(SolutionProperties) = preSolution
		HideSolutionNode = FALSE
	EndGlobalSection
	GlobalSection(ExtensibilityGlobals) = postSolution
		SolutionGuid = {30DBA6F0-D7DD-4F43-BA1F-6B26292576D4}
	EndGlobalSection
EndGlobal
